
Microsoft Visual Studio Solution File, Format Version 12.00
# Visual Studio Version 17
VisualStudioVersion = 17.14.36603.0
MinimumVisualStudioVersion = 10.0.40219.1
Project("{2150E333-8FDC-42A3-9474-1A3956D46DE8}") = "Core", "Core", "{02EA681E-C7D8-13C7-8484-4AC65E1B71E8}"
EndProject
Project("{2150E333-8FDC-42A3-9474-1A3956D46DE8}") = "Services", "Services", "{43D6F932-5B1D-4737-A361-048952EFAB28}"
EndProject
Project("{2150E333-8FDC-42A3-9474-1A3956D46DE8}") = "Web", "Web", "{47E694F6-14AF-4021-9C6B-75F3A038CC0F}"
EndProject
Project("{2150E333-8FDC-42A3-9474-1A3956D46DE8}") = "Shared", "Shared", "{AB54BF3F-F43F-40FA-AC1E-E824C7592895}"
EndProject
Project("{FAE04EC0-301F-11D3-BF4B-00C04F79EFBC}") = "Davivienda.Models", "Davivienda.Models\Davivienda.Models.csproj", "{2914F719-1D10-4545-A9FA-16130D71CBD9}"
EndProject
Project("{FAE04EC0-301F-11D3-BF4B-00C04F79EFBC}") = "Davivienda.RestAPI", "Davivienda.RestAPI\Davivienda.RestAPI.csproj", "{833AF9D6-B1D0-4CD9-8E0B-9AC6037BB792}"
EndProject
Project("{FAE04EC0-301F-11D3-BF4B-00C04F79EFBC}") = "Davivienda.FrontEnd", "Davivienda.FrontEnd\Davivienda.FrontEnd.csproj", "{B3793ACC-1673-4011-9731-9E0727A671A3}"
EndProject
Project("{FAE04EC0-301F-11D3-BF4B-00C04F79EFBC}") = "Davivienda.Contracts", "Davivienda.Contracts\Davivienda.Contracts.csproj", "{C2AD0FC0-E30A-4D81-96E8-8C0694A173BE}"
EndProject
Project("{FAE04EC0-301F-11D3-BF4B-00C04F79EFBC}") = "Davivienda.Component", "Davivienda.Component\Davivienda.Component.csproj", "{B8C1F478-F7CE-4B25-A7F2-2CC2E6B523F6}"
EndProject
Project("{FAE04EC0-301F-11D3-BF4B-00C04F79EFBC}") = "Davivienda.Migrations", "Davivienda.Migrations\Davivienda.Migrations.csproj", "{8A264C08-DAD3-4CFE-8634-E286432C793C}"
EndProject
Project("{FAE04EC0-301F-11D3-BF4B-00C04F79EFBC}") = "Davivienda.GraphQL", "Services\Davivienda.GraphQL\Davivienda.GraphQL.csproj", "{B322E87D-2780-44F0-87C9-E778B5B0BF4E}"
EndProject
Project("{FAE04EC0-301F-11D3-BF4B-00C04F79EFBC}") = "Davivienda.GraphQL.SDK", "Shared\Davivienda.GraphQL.SDK\Davivienda.GraphQL.SDK.csproj", "{D2741A9B-5BB2-4B2A-8F57-81BA0218F41D}"
EndProject
Project("{FAE04EC0-301F-11D3-BF4B-00C04F79EFBC}") = "Davivienda.QueryBuilder", "Shared\Davivienda.QueryBuilder\Davivienda.QueryBuilder.csproj", "{E6B8E6EE-BEA6-428B-9AF0-ADF2A3086476}"
EndProject
Global
	GlobalSection(SolutionConfigurationPlatforms) = preSolution
		Debug|Any CPU = Debug|Any CPU
		Debug|x64 = Debug|x64
		Debug|x86 = Debug|x86
		Release|Any CPU = Release|Any CPU
		Release|x64 = Release|x64
		Release|x86 = Release|x86
	EndGlobalSection
	GlobalSection(ProjectConfigurationPlatforms) = postSolution
		{2914F719-1D10-4545-A9FA-16130D71CBD9}.Debug|Any CPU.ActiveCfg = Debug|Any CPU
		{2914F719-1D10-4545-A9FA-16130D71CBD9}.Debug|Any CPU.Build.0 = Debug|Any CPU
		{2914F719-1D10-4545-A9FA-16130D71CBD9}.Debug|x64.ActiveCfg = Debug|Any CPU
		{2914F719-1D10-4545-A9FA-16130D71CBD9}.Debug|x64.Build.0 = Debug|Any CPU
		{2914F719-1D10-4545-A9FA-16130D71CBD9}.Debug|x86.ActiveCfg = Debug|Any CPU
		{2914F719-1D10-4545-A9FA-16130D71CBD9}.Debug|x86.Build.0 = Debug|Any CPU
		{2914F719-1D10-4545-A9FA-16130D71CBD9}.Release|Any CPU.ActiveCfg = Release|Any CPU
		{2914F719-1D10-4545-A9FA-16130D71CBD9}.Release|Any CPU.Build.0 = Release|Any CPU
		{2914F719-1D10-4545-A9FA-16130D71CBD9}.Release|x64.ActiveCfg = Release|Any CPU
		{2914F719-1D10-4545-A9FA-16130D71CBD9}.Release|x64.Build.0 = Release|Any CPU
		{2914F719-1D10-4545-A9FA-16130D71CBD9}.Release|x86.ActiveCfg = Release|Any CPU
		{2914F719-1D10-4545-A9FA-16130D71CBD9}.Release|x86.Build.0 = Release|Any CPU
		{833AF9D6-B1D0-4CD9-8E0B-9AC6037BB792}.Debug|Any CPU.ActiveCfg = Debug|Any CPU
		{833AF9D6-B1D0-4CD9-8E0B-9AC6037BB792}.Debug|Any CPU.Build.0 = Debug|Any CPU
		{833AF9D6-B1D0-4CD9-8E0B-9AC6037BB792}.Debug|x64.ActiveCfg = Debug|Any CPU
		{833AF9D6-B1D0-4CD9-8E0B-9AC6037BB792}.Debug|x64.Build.0 = Debug|Any CPU
		{833AF9D6-B1D0-4CD9-8E0B-9AC6037BB792}.Debug|x86.ActiveCfg = Debug|Any CPU
		{833AF9D6-B1D0-4CD9-8E0B-9AC6037BB792}.Debug|x86.Build.0 = Debug|Any CPU
		{833AF9D6-B1D0-4CD9-8E0B-9AC6037BB792}.Release|Any CPU.ActiveCfg = Release|Any CPU
		{833AF9D6-B1D0-4CD9-8E0B-9AC6037BB792}.Release|Any CPU.Build.0 = Release|Any CPU
		{833AF9D6-B1D0-4CD9-8E0B-9AC6037BB792}.Release|x64.ActiveCfg = Release|Any CPU
		{833AF9D6-B1D0-4CD9-8E0B-9AC6037BB792}.Release|x64.Build.0 = Release|Any CPU
		{833AF9D6-B1D0-4CD9-8E0B-9AC6037BB792}.Release|x86.ActiveCfg = Release|Any CPU
		{833AF9D6-B1D0-4CD9-8E0B-9AC6037BB792}.Release|x86.Build.0 = Release|Any CPU
		{B3793ACC-1673-4011-9731-9E0727A671A3}.Debug|Any CPU.ActiveCfg = Debug|Any CPU
		{B3793ACC-1673-4011-9731-9E0727A671A3}.Debug|Any CPU.Build.0 = Debug|Any CPU
		{B3793ACC-1673-4011-9731-9E0727A671A3}.Debug|x64.ActiveCfg = Debug|Any CPU
		{B3793ACC-1673-4011-9731-9E0727A671A3}.Debug|x64.Build.0 = Debug|Any CPU
		{B3793ACC-1673-4011-9731-9E0727A671A3}.Debug|x86.ActiveCfg = Debug|Any CPU
		{B3793ACC-1673-4011-9731-9E0727A671A3}.Debug|x86.Build.0 = Debug|Any CPU
		{B3793ACC-1673-4011-9731-9E0727A671A3}.Release|Any CPU.ActiveCfg = Release|Any CPU
		{B3793ACC-1673-4011-9731-9E0727A671A3}.Release|Any CPU.Build.0 = Release|Any CPU
		{B3793ACC-1673-4011-9731-9E0727A671A3}.Release|x64.ActiveCfg = Release|Any CPU
		{B3793ACC-1673-4011-9731-9E0727A671A3}.Release|x64.Build.0 = Release|Any CPU
		{B3793ACC-1673-4011-9731-9E0727A671A3}.Release|x86.ActiveCfg = Release|Any CPU
		{B3793ACC-1673-4011-9731-9E0727A671A3}.Release|x86.Build.0 = Release|Any CPU
		{C2AD0FC0-E30A-4D81-96E8-8C0694A173BE}.Debug|Any CPU.ActiveCfg = Debug|Any CPU
		{C2AD0FC0-E30A-4D81-96E8-8C0694A173BE}.Debug|Any CPU.Build.0 = Debug|Any CPU
		{C2AD0FC0-E30A-4D81-96E8-8C0694A173BE}.Debug|x64.ActiveCfg = Debug|Any CPU
		{C2AD0FC0-E30A-4D81-96E8-8C0694A173BE}.Debug|x64.Build.0 = Debug|Any CPU
		{C2AD0FC0-E30A-4D81-96E8-8C0694A173BE}.Debug|x86.ActiveCfg = Debug|Any CPU
		{C2AD0FC0-E30A-4D81-96E8-8C0694A173BE}.Debug|x86.Build.0 = Debug|Any CPU
		{C2AD0FC0-E30A-4D81-96E8-8C0694A173BE}.Release|Any CPU.ActiveCfg = Release|Any CPU
		{C2AD0FC0-E30A-4D81-96E8-8C0694A173BE}.Release|Any CPU.Build.0 = Release|Any CPU
		{C2AD0FC0-E30A-4D81-96E8-8C0694A173BE}.Release|x64.ActiveCfg = Release|Any CPU
		{C2AD0FC0-E30A-4D81-96E8-8C0694A173BE}.Release|x64.Build.0 = Release|Any CPU
		{C2AD0FC0-E30A-4D81-96E8-8C0694A173BE}.Release|x86.ActiveCfg = Release|Any CPU
		{C2AD0FC0-E30A-4D81-96E8-8C0694A173BE}.Release|x86.Build.0 = Release|Any CPU
		{B8C1F478-F7CE-4B25-A7F2-2CC2E6B523F6}.Debug|Any CPU.ActiveCfg = Debug|Any CPU
		{B8C1F478-F7CE-4B25-A7F2-2CC2E6B523F6}.Debug|Any CPU.Build.0 = Debug|Any CPU
		{B8C1F478-F7CE-4B25-A7F2-2CC2E6B523F6}.Debug|x64.ActiveCfg = Debug|Any CPU
		{B8C1F478-F7CE-4B25-A7F2-2CC2E6B523F6}.Debug|x64.Build.0 = Debug|Any CPU
		{B8C1F478-F7CE-4B25-A7F2-2CC2E6B523F6}.Debug|x86.ActiveCfg = Debug|Any CPU
		{B8C1F478-F7CE-4B25-A7F2-2CC2E6B523F6}.Debug|x86.Build.0 = Debug|Any CPU
		{B8C1F478-F7CE-4B25-A7F2-2CC2E6B523F6}.Release|Any CPU.ActiveCfg = Release|Any CPU
		{B8C1F478-F7CE-4B25-A7F2-2CC2E6B523F6}.Release|Any CPU.Build.0 = Release|Any CPU
		{B8C1F478-F7CE-4B25-A7F2-2CC2E6B523F6}.Release|x64.ActiveCfg = Release|Any CPU
		{B8C1F478-F7CE-4B25-A7F2-2CC2E6B523F6}.Release|x64.Build.0 = Release|Any CPU
		{B8C1F478-F7CE-4B25-A7F2-2CC2E6B523F6}.Release|x86.ActiveCfg = Release|Any CPU
		{B8C1F478-F7CE-4B25-A7F2-2CC2E6B523F6}.Release|x86.Build.0 = Release|Any CPU
		{8A264C08-DAD3-4CFE-8634-E286432C793C}.Debug|Any CPU.ActiveCfg = Debug|Any CPU
		{8A264C08-DAD3-4CFE-8634-E286432C793C}.Debug|Any CPU.Build.0 = Debug|Any CPU
		{8A264C08-DAD3-4CFE-8634-E286432C793C}.Debug|x64.ActiveCfg = Debug|Any CPU
		{8A264C08-DAD3-4CFE-8634-E286432C793C}.Debug|x64.Build.0 = Debug|Any CPU
		{8A264C08-DAD3-4CFE-8634-E286432C793C}.Debug|x86.ActiveCfg = Debug|Any CPU
		{8A264C08-DAD3-4CFE-8634-E286432C793C}.Debug|x86.Build.0 = Debug|Any CPU
		{8A264C08-DAD3-4CFE-8634-E286432C793C}.Release|Any CPU.ActiveCfg = Release|Any CPU
		{8A264C08-DAD3-4CFE-8634-E286432C793C}.Release|Any CPU.Build.0 = Release|Any CPU
		{8A264C08-DAD3-4CFE-8634-E286432C793C}.Release|x64.ActiveCfg = Release|Any CPU
		{8A264C08-DAD3-4CFE-8634-E286432C793C}.Release|x64.Build.0 = Release|Any CPU
		{8A264C08-DAD3-4CFE-8634-E286432C793C}.Release|x86.ActiveCfg = Release|Any CPU
		{8A264C08-DAD3-4CFE-8634-E286432C793C}.Release|x86.Build.0 = Release|Any CPU
		{B322E87D-2780-44F0-87C9-E778B5B0BF4E}.Debug|Any CPU.ActiveCfg = Debug|Any CPU
		{B322E87D-2780-44F0-87C9-E778B5B0BF4E}.Debug|Any CPU.Build.0 = Debug|Any CPU
		{B322E87D-2780-44F0-87C9-E778B5B0BF4E}.Debug|x64.ActiveCfg = Debug|Any CPU
		{B322E87D-2780-44F0-87C9-E778B5B0BF4E}.Debug|x64.Build.0 = Debug|Any CPU
		{B322E87D-2780-44F0-87C9-E778B5B0BF4E}.Debug|x86.ActiveCfg = Debug|Any CPU
		{B322E87D-2780-44F0-87C9-E778B5B0BF4E}.Debug|x86.Build.0 = Debug|Any CPU
		{B322E87D-2780-44F0-87C9-E778B5B0BF4E}.Release|Any CPU.ActiveCfg = Release|Any CPU
		{B322E87D-2780-44F0-87C9-E778B5B0BF4E}.Release|Any CPU.Build.0 = Release|Any CPU
		{B322E87D-2780-44F0-87C9-E778B5B0BF4E}.Release|x64.ActiveCfg = Release|Any CPU
		{B322E87D-2780-44F0-87C9-E778B5B0BF4E}.Release|x64.Build.0 = Release|Any CPU
		{B322E87D-2780-44F0-87C9-E778B5B0BF4E}.Release|x86.ActiveCfg = Release|Any CPU
		{B322E87D-2780-44F0-87C9-E778B5B0BF4E}.Release|x86.Build.0 = Release|Any CPU
		{D2741A9B-5BB2-4B2A-8F57-81BA0218F41D}.Debug|Any CPU.ActiveCfg = Debug|Any CPU
		{D2741A9B-5BB2-4B2A-8F57-81BA0218F41D}.Debug|Any CPU.Build.0 = Debug|Any CPU
		{D2741A9B-5BB2-4B2A-8F57-81BA0218F41D}.Debug|x64.ActiveCfg = Debug|Any CPU
		{D2741A9B-5BB2-4B2A-8F57-81BA0218F41D}.Debug|x64.Build.0 = Debug|Any CPU
		{D2741A9B-5BB2-4B2A-8F57-81BA0218F41D}.Debug|x86.ActiveCfg = Debug|Any CPU
		{D2741A9B-5BB2-4B2A-8F57-81BA0218F41D}.Debug|x86.Build.0 = Debug|Any CPU
		{D2741A9B-5BB2-4B2A-8F57-81BA0218F41D}.Release|Any CPU.ActiveCfg = Release|Any CPU
		{D2741A9B-5BB2-4B2A-8F57-81BA0218F41D}.Release|Any CPU.Build.0 = Release|Any CPU
		{D2741A9B-5BB2-4B2A-8F57-81BA0218F41D}.Release|x64.ActiveCfg = Release|Any CPU
		{D2741A9B-5BB2-4B2A-8F57-81BA0218F41D}.Release|x64.Build.0 = Release|Any CPU
		{D2741A9B-5BB2-4B2A-8F57-81BA0218F41D}.Release|x86.ActiveCfg = Release|Any CPU
		{D2741A9B-5BB2-4B2A-8F57-81BA0218F41D}.Release|x86.Build.0 = Release|Any CPU
		{E6B8E6EE-BEA6-428B-9AF0-ADF2A3086476}.Debug|Any CPU.ActiveCfg = Debug|Any CPU
		{E6B8E6EE-BEA6-428B-9AF0-ADF2A3086476}.Debug|Any CPU.Build.0 = Debug|Any CPU
		{E6B8E6EE-BEA6-428B-9AF0-ADF2A3086476}.Debug|x64.ActiveCfg = Debug|Any CPU
		{E6B8E6EE-BEA6-428B-9AF0-ADF2A3086476}.Debug|x64.Build.0 = Debug|Any CPU
		{E6B8E6EE-BEA6-428B-9AF0-ADF2A3086476}.Debug|x86.ActiveCfg = Debug|Any CPU
		{E6B8E6EE-BEA6-428B-9AF0-ADF2A3086476}.Debug|x86.Build.0 = Debug|Any CPU
		{E6B8E6EE-BEA6-428B-9AF0-ADF2A3086476}.Release|Any CPU.ActiveCfg = Release|Any CPU
		{E6B8E6EE-BEA6-428B-9AF0-ADF2A3086476}.Release|Any CPU.Build.0 = Release|Any CPU
		{E6B8E6EE-BEA6-428B-9AF0-ADF2A3086476}.Release|x64.ActiveCfg = Release|Any CPU
		{E6B8E6EE-BEA6-428B-9AF0-ADF2A3086476}.Release|x64.Build.0 = Release|Any CPU
		{E6B8E6EE-BEA6-428B-9AF0-ADF2A3086476}.Release|x86.ActiveCfg = Release|Any CPU
		{E6B8E6EE-BEA6-428B-9AF0-ADF2A3086476}.Release|x86.Build.0 = Release|Any CPU
	EndGlobalSection
	GlobalSection(SolutionProperties) = preSolution
		HideSolutionNode = FALSE
	EndGlobalSection
	GlobalSection(NestedProjects) = preSolution
		{2914F719-1D10-4545-A9FA-16130D71CBD9} = {02EA681E-C7D8-13C7-8484-4AC65E1B71E8}
		{833AF9D6-B1D0-4CD9-8E0B-9AC6037BB792} = {43D6F932-5B1D-4737-A361-048952EFAB28}
		{B3793ACC-1673-4011-9731-9E0727A671A3} = {47E694F6-14AF-4021-9C6B-75F3A038CC0F}
		{C2AD0FC0-E30A-4D81-96E8-8C0694A173BE} = {AB54BF3F-F43F-40FA-AC1E-E824C7592895}
		{B8C1F478-F7CE-4B25-A7F2-2CC2E6B523F6} = {47E694F6-14AF-4021-9C6B-75F3A038CC0F}
		{8A264C08-DAD3-4CFE-8634-E286432C793C} = {02EA681E-C7D8-13C7-8484-4AC65E1B71E8}
		{B322E87D-2780-44F0-87C9-E778B5B0BF4E} = {43D6F932-5B1D-4737-A361-048952EFAB28}
		{D2741A9B-5BB2-4B2A-8F57-81BA0218F41D} = {AB54BF3F-F43F-40FA-AC1E-E824C7592895}
		{E6B8E6EE-BEA6-428B-9AF0-ADF2A3086476} = {AB54BF3F-F43F-40FA-AC1E-E824C7592895}
	EndGlobalSection
	GlobalSection(ExtensibilityGlobals) = postSolution
		SolutionGuid = {48063FDA-8CA8-42B9-AE1C-345C467FAF65}
	EndGlobalSection
EndGlobal
